// !$*UTF8*$!
{
	archiveVersion = 1;
	classes = {
	};
	objectVersion = 46;
	objects = {

/* Begin PBXBuildFile section */
		602011221B7F313D003437D9 /* AppDelegate.swift in Sources */ = {isa = PBXBuildFile; fileRef = 602011211B7F313D003437D9 /* AppDelegate.swift */; };
		602011241B7F313D003437D9 /* ViewController.swift in Sources */ = {isa = PBXBuildFile; fileRef = 602011231B7F313D003437D9 /* ViewController.swift */; };
		602011271B7F313D003437D9 /* Main.storyboard in Resources */ = {isa = PBXBuildFile; fileRef = 602011251B7F313D003437D9 /* Main.storyboard */; };
		602011291B7F313D003437D9 /* Images.xcassets in Resources */ = {isa = PBXBuildFile; fileRef = 602011281B7F313D003437D9 /* Images.xcassets */; };
		6020112C1B7F313D003437D9 /* LaunchScreen.xib in Resources */ = {isa = PBXBuildFile; fileRef = 6020112A1B7F313D003437D9 /* LaunchScreen.xib */; };
		602011381B7F313D003437D9 /* CocoaPodTestTests.swift in Sources */ = {isa = PBXBuildFile; fileRef = 602011371B7F313D003437D9 /* CocoaPodTestTests.swift */; };
		602BBE041B80CDA400C50006 /* ExSwift.framework in Frameworks */ = {isa = PBXBuildFile; fileRef = 602BBDFD1B80CD7D00C50006 /* ExSwift.framework */; };
		60E99D131B834A4500D8E288 /* DummySignInService.swift in Sources */ = {isa = PBXBuildFile; fileRef = 60E99D111B834A4500D8E288 /* DummySignInService.swift */; };
		60E99D141B834A4500D8E288 /* RAC.swift in Sources */ = {isa = PBXBuildFile; fileRef = 60E99D121B834A4500D8E288 /* RAC.swift */; };
		ED4F337C743B8082150C7935 /* Pods.framework in Frameworks */ = {isa = PBXBuildFile; fileRef = 02F4A42C1C66132D75858400 /* Pods.framework */; settings = {ATTRIBUTES = (Weak, ); }; };
/* End PBXBuildFile section */

/* Begin PBXContainerItemProxy section */
		602011321B7F313D003437D9 /* PBXContainerItemProxy */ = {
			isa = PBXContainerItemProxy;
			containerPortal = 602011141B7F313D003437D9 /* Project object */;
			proxyType = 1;
			remoteGlobalIDString = 6020111B1B7F313D003437D9;
			remoteInfo = CocoaPodTest;
		};
		602BBDFC1B80CD7D00C50006 /* PBXContainerItemProxy */ = {
			isa = PBXContainerItemProxy;
			containerPortal = 602BBDF51B80CD7D00C50006 /* ExSwift.xcodeproj */;
			proxyType = 2;
			remoteGlobalIDString = 24D9BBE61AC54B30000FDBB8;
			remoteInfo = "ExSwift-iOS";
		};
		602BBDFE1B80CD7D00C50006 /* PBXContainerItemProxy */ = {
			isa = PBXContainerItemProxy;
			containerPortal = 602BBDF51B80CD7D00C50006 /* ExSwift.xcodeproj */;
			proxyType = 2;
			remoteGlobalIDString = 24D9BBF01AC54B31000FDBB8;
			remoteInfo = "ExSwiftTests-iOS";
		};
		602BBE001B80CD7D00C50006 /* PBXContainerItemProxy */ = {
			isa = PBXContainerItemProxy;
			containerPortal = 602BBDF51B80CD7D00C50006 /* ExSwift.xcodeproj */;
			proxyType = 2;
			remoteGlobalIDString = 1E11AF841943222D006BCE48;
			remoteInfo = "ExSwift-Mac";
		};
		602BBE021B80CD7D00C50006 /* PBXContainerItemProxy */ = {
			isa = PBXContainerItemProxy;
			containerPortal = 602BBDF51B80CD7D00C50006 /* ExSwift.xcodeproj */;
			proxyType = 2;
			remoteGlobalIDString = 1E11AF8F1943222D006BCE48;
			remoteInfo = "ExSwiftTests-Mac";
		};
/* End PBXContainerItemProxy section */

/* Begin PBXFileReference section */
		02F4A42C1C66132D75858400 /* Pods.framework */ = {isa = PBXFileReference; explicitFileType = wrapper.framework; includeInIndex = 0; path = Pods.framework; sourceTree = BUILT_PRODUCTS_DIR; };
		6020111C1B7F313D003437D9 /* CocoaPodTest.app */ = {isa = PBXFileReference; explicitFileType = wrapper.application; includeInIndex = 0; path = CocoaPodTest.app; sourceTree = BUILT_PRODUCTS_DIR; };
		602011201B7F313D003437D9 /* Info.plist */ = {isa = PBXFileReference; lastKnownFileType = text.plist.xml; path = Info.plist; sourceTree = "<group>"; };
		602011211B7F313D003437D9 /* AppDelegate.swift */ = {isa = PBXFileReference; lastKnownFileType = sourcecode.swift; path = AppDelegate.swift; sourceTree = "<group>"; };
		602011231B7F313D003437D9 /* ViewController.swift */ = {isa = PBXFileReference; lastKnownFileType = sourcecode.swift; path = ViewController.swift; sourceTree = "<group>"; };
		602011261B7F313D003437D9 /* Base */ = {isa = PBXFileReference; lastKnownFileType = file.storyboard; name = Base; path = Base.lproj/Main.storyboard; sourceTree = "<group>"; };
		602011281B7F313D003437D9 /* Images.xcassets */ = {isa = PBXFileReference; lastKnownFileType = folder.assetcatalog; path = Images.xcassets; sourceTree = "<group>"; };
		6020112B1B7F313D003437D9 /* Base */ = {isa = PBXFileReference; lastKnownFileType = file.xib; name = Base; path = Base.lproj/LaunchScreen.xib; sourceTree = "<group>"; };
		602011311B7F313D003437D9 /* CocoaPodTestTests.xctest */ = {isa = PBXFileReference; explicitFileType = wrapper.cfbundle; includeInIndex = 0; path = CocoaPodTestTests.xctest; sourceTree = BUILT_PRODUCTS_DIR; };
		602011361B7F313D003437D9 /* Info.plist */ = {isa = PBXFileReference; lastKnownFileType = text.plist.xml; path = Info.plist; sourceTree = "<group>"; };
		602011371B7F313D003437D9 /* CocoaPodTestTests.swift */ = {isa = PBXFileReference; lastKnownFileType = sourcecode.swift; path = CocoaPodTestTests.swift; sourceTree = "<group>"; };
		602BBDF51B80CD7D00C50006 /* ExSwift.xcodeproj */ = {isa = PBXFileReference; lastKnownFileType = "wrapper.pb-project"; name = ExSwift.xcodeproj; path = "ExSwift-master/ExSwift.xcodeproj"; sourceTree = "<group>"; };
		60E99D111B834A4500D8E288 /* DummySignInService.swift */ = {isa = PBXFileReference; fileEncoding = 4; lastKnownFileType = sourcecode.swift; path = DummySignInService.swift; sourceTree = "<group>"; };
		60E99D121B834A4500D8E288 /* RAC.swift */ = {isa = PBXFileReference; fileEncoding = 4; lastKnownFileType = sourcecode.swift; path = RAC.swift; sourceTree = "<group>"; };
		68618EF55B72F7A2AA77DB04 /* Pods.debug.xcconfig */ = {isa = PBXFileReference; includeInIndex = 1; lastKnownFileType = text.xcconfig; name = Pods.debug.xcconfig; path = "Pods/Target Support Files/Pods/Pods.debug.xcconfig"; sourceTree = "<group>"; };
		8A99086DEDF4F8C0F95AF694 /* Pods.release.xcconfig */ = {isa = PBXFileReference; includeInIndex = 1; lastKnownFileType = text.xcconfig; name = Pods.release.xcconfig; path = "Pods/Target Support Files/Pods/Pods.release.xcconfig"; sourceTree = "<group>"; };
/* End PBXFileReference section */

/* Begin PBXFrameworksBuildPhase section */
		602011191B7F313D003437D9 /* Frameworks */ = {
			isa = PBXFrameworksBuildPhase;
			buildActionMask = 2147483647;
			files = (
				602BBE041B80CDA400C50006 /* ExSwift.framework in Frameworks */,
				ED4F337C743B8082150C7935 /* Pods.framework in Frameworks */,
			);
			runOnlyForDeploymentPostprocessing = 0;
		};
		6020112E1B7F313D003437D9 /* Frameworks */ = {
			isa = PBXFrameworksBuildPhase;
			buildActionMask = 2147483647;
			files = (
			);
			runOnlyForDeploymentPostprocessing = 0;
		};
/* End PBXFrameworksBuildPhase section */

/* Begin PBXGroup section */
		055A87311BF3CE38609F75AF /* Frameworks */ = {
			isa = PBXGroup;
			children = (
				02F4A42C1C66132D75858400 /* Pods.framework */,
			);
			name = Frameworks;
			sourceTree = "<group>";
		};
		330D48A64AD4E7D14E2198E5 /* Pods */ = {
			isa = PBXGroup;
			children = (
				68618EF55B72F7A2AA77DB04 /* Pods.debug.xcconfig */,
				8A99086DEDF4F8C0F95AF694 /* Pods.release.xcconfig */,
			);
			name = Pods;
			sourceTree = "<group>";
		};
		602011131B7F313D003437D9 = {
			isa = PBXGroup;
			children = (
				602BBDF51B80CD7D00C50006 /* ExSwift.xcodeproj */,
				6020111E1B7F313D003437D9 /* CocoaPodTest */,
				602011341B7F313D003437D9 /* CocoaPodTestTests */,
				6020111D1B7F313D003437D9 /* Products */,
				330D48A64AD4E7D14E2198E5 /* Pods */,
				055A87311BF3CE38609F75AF /* Frameworks */,
			);
			sourceTree = "<group>";
		};
		6020111D1B7F313D003437D9 /* Products */ = {
			isa = PBXGroup;
			children = (
				6020111C1B7F313D003437D9 /* CocoaPodTest.app */,
				602011311B7F313D003437D9 /* CocoaPodTestTests.xctest */,
			);
			name = Products;
			sourceTree = "<group>";
		};
		6020111E1B7F313D003437D9 /* CocoaPodTest */ = {
			isa = PBXGroup;
			children = (
				60E99D111B834A4500D8E288 /* DummySignInService.swift */,
				60E99D121B834A4500D8E288 /* RAC.swift */,
				602011211B7F313D003437D9 /* AppDelegate.swift */,
				602011231B7F313D003437D9 /* ViewController.swift */,
				602011251B7F313D003437D9 /* Main.storyboard */,
				602011281B7F313D003437D9 /* Images.xcassets */,
				6020112A1B7F313D003437D9 /* LaunchScreen.xib */,
				6020111F1B7F313D003437D9 /* Supporting Files */,
			);
			path = CocoaPodTest;
			sourceTree = "<group>";
		};
		6020111F1B7F313D003437D9 /* Supporting Files */ = {
			isa = PBXGroup;
			children = (
				602011201B7F313D003437D9 /* Info.plist */,
			);
			name = "Supporting Files";
			sourceTree = "<group>";
		};
		602011341B7F313D003437D9 /* CocoaPodTestTests */ = {
			isa = PBXGroup;
			children = (
				602011371B7F313D003437D9 /* CocoaPodTestTests.swift */,
				602011351B7F313D003437D9 /* Supporting Files */,
			);
			path = CocoaPodTestTests;
			sourceTree = "<group>";
		};
		602011351B7F313D003437D9 /* Supporting Files */ = {
			isa = PBXGroup;
			children = (
				602011361B7F313D003437D9 /* Info.plist */,
			);
			name = "Supporting Files";
			sourceTree = "<group>";
		};
		602BBDF61B80CD7D00C50006 /* Products */ = {
			isa = PBXGroup;
			children = (
				602BBDFD1B80CD7D00C50006 /* ExSwift.framework */,
				602BBDFF1B80CD7D00C50006 /* ExSwiftTests.xctest */,
				602BBE011B80CD7D00C50006 /* ExSwift.framework */,
				602BBE031B80CD7D00C50006 /* ExSwiftTests.xctest */,
			);
			name = Products;
			sourceTree = "<group>";
		};
/* End PBXGroup section */

/* Begin PBXNativeTarget section */
		6020111B1B7F313D003437D9 /* CocoaPodTest */ = {
			isa = PBXNativeTarget;
			buildConfigurationList = 6020113B1B7F313D003437D9 /* Build configuration list for PBXNativeTarget "CocoaPodTest" */;
			buildPhases = (
				43299098EBE2DA24B99824F9 /* Check Pods Manifest.lock */,
				602011181B7F313D003437D9 /* Sources */,
				602011191B7F313D003437D9 /* Frameworks */,
				6020111A1B7F313D003437D9 /* Resources */,
				80E32305E8FA0DD5AB7DD64D /* Embed Pods Frameworks */,
				BDA45DC911F04EFFC2A33C41 /* Copy Pods Resources */,
			);
			buildRules = (
			);
			dependencies = (
			);
			name = CocoaPodTest;
			productName = CocoaPodTest;
			productReference = 6020111C1B7F313D003437D9 /* CocoaPodTest.app */;
			productType = "com.apple.product-type.application";
		};
		602011301B7F313D003437D9 /* CocoaPodTestTests */ = {
			isa = PBXNativeTarget;
			buildConfigurationList = 6020113E1B7F313D003437D9 /* Build configuration list for PBXNativeTarget "CocoaPodTestTests" */;
			buildPhases = (
				6020112D1B7F313D003437D9 /* Sources */,
				6020112E1B7F313D003437D9 /* Frameworks */,
				6020112F1B7F313D003437D9 /* Resources */,
			);
			buildRules = (
			);
			dependencies = (
				602011331B7F313D003437D9 /* PBXTargetDependency */,
			);
			name = CocoaPodTestTests;
			productName = CocoaPodTestTests;
			productReference = 602011311B7F313D003437D9 /* CocoaPodTestTests.xctest */;
			productType = "com.apple.product-type.bundle.unit-test";
		};
/* End PBXNativeTarget section */

/* Begin PBXProject section */
		602011141B7F313D003437D9 /* Project object */ = {
			isa = PBXProject;
			attributes = {
				LastUpgradeCheck = 0630;
				ORGANIZATIONNAME = gxwang;
				TargetAttributes = {
					6020111B1B7F313D003437D9 = {
						CreatedOnToolsVersion = 6.3.2;
					};
					602011301B7F313D003437D9 = {
						CreatedOnToolsVersion = 6.3.2;
						TestTargetID = 6020111B1B7F313D003437D9;
					};
				};
			};
			buildConfigurationList = 602011171B7F313D003437D9 /* Build configuration list for PBXProject "CocoaPodTest" */;
			compatibilityVersion = "Xcode 3.2";
			developmentRegion = English;
			hasScannedForEncodings = 0;
			knownRegions = (
				en,
				Base,
			);
			mainGroup = 602011131B7F313D003437D9;
			productRefGroup = 6020111D1B7F313D003437D9 /* Products */;
			projectDirPath = "";
			projectReferences = (
				{
					ProductGroup = 602BBDF61B80CD7D00C50006 /* Products */;
					ProjectRef = 602BBDF51B80CD7D00C50006 /* ExSwift.xcodeproj */;
				},
			);
			projectRoot = "";
			targets = (
				6020111B1B7F313D003437D9 /* CocoaPodTest */,
				602011301B7F313D003437D9 /* CocoaPodTestTests */,
			);
		};
/* End PBXProject section */

/* Begin PBXReferenceProxy section */
		602BBDFD1B80CD7D00C50006 /* ExSwift.framework */ = {
			isa = PBXReferenceProxy;
			fileType = wrapper.framework;
			path = ExSwift.framework;
			remoteRef = 602BBDFC1B80CD7D00C50006 /* PBXContainerItemProxy */;
			sourceTree = BUILT_PRODUCTS_DIR;
		};
		602BBDFF1B80CD7D00C50006 /* ExSwiftTests.xctest */ = {
			isa = PBXReferenceProxy;
			fileType = wrapper.cfbundle;
			path = ExSwiftTests.xctest;
			remoteRef = 602BBDFE1B80CD7D00C50006 /* PBXContainerItemProxy */;
			sourceTree = BUILT_PRODUCTS_DIR;
		};
		602BBE011B80CD7D00C50006 /* ExSwift.framework */ = {
			isa = PBXReferenceProxy;
			fileType = wrapper.framework;
			path = ExSwift.framework;
			remoteRef = 602BBE001B80CD7D00C50006 /* PBXContainerItemProxy */;
			sourceTree = BUILT_PRODUCTS_DIR;
		};
		602BBE031B80CD7D00C50006 /* ExSwiftTests.xctest */ = {
			isa = PBXReferenceProxy;
			fileType = wrapper.cfbundle;
			path = ExSwiftTests.xctest;
			remoteRef = 602BBE021B80CD7D00C50006 /* PBXContainerItemProxy */;
			sourceTree = BUILT_PRODUCTS_DIR;
		};
/* End PBXReferenceProxy section */

/* Begin PBXResourcesBuildPhase section */
		6020111A1B7F313D003437D9 /* Resources */ = {
			isa = PBXResourcesBuildPhase;
			buildActionMask = 2147483647;
			files = (
				602011271B7F313D003437D9 /* Main.storyboard in Resources */,
				6020112C1B7F313D003437D9 /* LaunchScreen.xib in Resources */,
				602011291B7F313D003437D9 /* Images.xcassets in Resources */,
			);
			runOnlyForDeploymentPostprocessing = 0;
		};
		6020112F1B7F313D003437D9 /* Resources */ = {
			isa = PBXResourcesBuildPhase;
			buildActionMask = 2147483647;
			files = (
			);
			runOnlyForDeploymentPostprocessing = 0;
		};
/* End PBXResourcesBuildPhase section */

/* Begin PBXShellScriptBuildPhase section */
		43299098EBE2DA24B99824F9 /* Check Pods Manifest.lock */ = {
			isa = PBXShellScriptBuildPhase;
			buildActionMask = 2147483647;
			files = (
			);
			inputPaths = (
			);
			name = "Check Pods Manifest.lock";
			outputPaths = (
			);
			runOnlyForDeploymentPostprocessing = 0;
			shellPath = /bin/sh;
			shellScript = "diff \"${PODS_ROOT}/../Podfile.lock\" \"${PODS_ROOT}/Manifest.lock\" > /dev/null\nif [[ $? != 0 ]] ; then\n    cat << EOM\nerror: The sandbox is not in sync with the Podfile.lock. Run 'pod install' or update your CocoaPods installation.\nEOM\n    exit 1\nfi\n";
			showEnvVarsInLog = 0;
		};
		80E32305E8FA0DD5AB7DD64D /* Embed Pods Frameworks */ = {
			isa = PBXShellScriptBuildPhase;
			buildActionMask = 2147483647;
			files = (
			);
			inputPaths = (
			);
			name = "Embed Pods Frameworks";
			outputPaths = (
			);
			runOnlyForDeploymentPostprocessing = 0;
			shellPath = /bin/sh;
			shellScript = "\"${SRCROOT}/Pods/Target Support Files/Pods/Pods-frameworks.sh\"\n";
			showEnvVarsInLog = 0;
		};
		BDA45DC911F04EFFC2A33C41 /* Copy Pods Resources */ = {
			isa = PBXShellScriptBuildPhase;
			buildActionMask = 2147483647;
			files = (
			);
			inputPaths = (
			);
			name = "Copy Pods Resources";
			outputPaths = (
			);
			runOnlyForDeploymentPostprocessing = 0;
			shellPath = /bin/sh;
			shellScript = "\"${SRCROOT}/Pods/Target Support Files/Pods/Pods-resources.sh\"\n";
			showEnvVarsInLog = 0;
		};
/* End PBXShellScriptBuildPhase section */

/* Begin PBXSourcesBuildPhase section */
		602011181B7F313D003437D9 /* Sources */ = {
			isa = PBXSourcesBuildPhase;
			buildActionMask = 2147483647;
			files = (
				602011241B7F313D003437D9 /* ViewController.swift in Sources */,
				60E99D131B834A4500D8E288 /* DummySignInService.swift in Sources */,
				60E99D141B834A4500D8E288 /* RAC.swift in Sources */,
				602011221B7F313D003437D9 /* AppDelegate.swift in Sources */,
			);
			runOnlyForDeploymentPostprocessing = 0;
		};
		6020112D1B7F313D003437D9 /* Sources */ = {
			isa = PBXSourcesBuildPhase;
			buildActionMask = 2147483647;
			files = (
				602011381B7F313D003437D9 /* CocoaPodTestTests.swift in Sources */,
			);
			runOnlyForDeploymentPostprocessing = 0;
		};
/* End PBXSourcesBuildPhase section */

/* Begin PBXTargetDependency section */
		602011331B7F313D003437D9 /* PBXTargetDependency */ = {
			isa = PBXTargetDependency;
			target = 6020111B1B7F313D003437D9 /* CocoaPodTest */;
			targetProxy = 602011321B7F313D003437D9 /* PBXContainerItemProxy */;
		};
/* End PBXTargetDependency section */

/* Begin PBXVariantGroup section */
		602011251B7F313D003437D9 /* Main.storyboard */ = {
			isa = PBXVariantGroup;
			children = (
				602011261B7F313D003437D9 /* Base */,
			);
			name = Main.storyboard;
			sourceTree = "<group>";
		};
		6020112A1B7F313D003437D9 /* LaunchScreen.xib */ = {
			isa = PBXVariantGroup;
			children = (
				6020112B1B7F313D003437D9 /* Base */,
			);
			name = LaunchScreen.xib;
			sourceTree = "<group>";
		};
/* End PBXVariantGroup section */

/* Begin XCBuildConfiguration section */
		602011391B7F313D003437D9 /* Debug */ = {
			isa = XCBuildConfiguration;
			buildSettings = {
				ALWAYS_SEARCH_USER_PATHS = NO;
				CLANG_CXX_LANGUAGE_STANDARD = "gnu++0x";
				CLANG_CXX_LIBRARY = "libc++";
				CLANG_ENABLE_MODULES = YES;
				CLANG_ENABLE_OBJC_ARC = YES;
				CLANG_WARN_BOOL_CONVERSION = YES;
				CLANG_WARN_CONSTANT_CONVERSION = YES;
				CLANG_WARN_DIRECT_OBJC_ISA_USAGE = YES_ERROR;
				CLANG_WARN_EMPTY_BODY = YES;
				CLANG_WARN_ENUM_CONVERSION = YES;
				CLANG_WARN_INT_CONVERSION = YES;
				CLANG_WARN_OBJC_ROOT_CLASS = YES_ERROR;
				CLANG_WARN_UNREACHABLE_CODE = YES;
				CLANG_WARN__DUPLICATE_METHOD_MATCH = YES;
				"CODE_SIGN_IDENTITY[sdk=iphoneos*]" = "iPhone Developer";
				COPY_PHASE_STRIP = NO;
				DEBUG_INFORMATION_FORMAT = "dwarf-with-dsym";
				ENABLE_STRICT_OBJC_MSGSEND = YES;
				GCC_C_LANGUAGE_STANDARD = gnu99;
				GCC_DYNAMIC_NO_PIC = NO;
				GCC_NO_COMMON_BLOCKS = YES;
				GCC_OPTIMIZATION_LEVEL = 0;
				GCC_PREPROCESSOR_DEFINITIONS = (
					"DEBUG=1",
					"$(inherited)",
				);
				GCC_SYMBOLS_PRIVATE_EXTERN = NO;
				GCC_WARN_64_TO_32_BIT_CONVERSION = YES;
				GCC_WARN_ABOUT_RETURN_TYPE = YES_ERROR;
				GCC_WARN_UNDECLARED_SELECTOR = YES;
				GCC_WARN_UNINITIALIZED_AUTOS = YES_AGGRESSIVE;
				GCC_WARN_UNUSED_FUNCTION = YES;
				GCC_WARN_UNUSED_VARIABLE = YES;
				IPHONEOS_DEPLOYMENT_TARGET = 8.3;
				MTL_ENABLE_DEBUG_INFO = YES;
				ONLY_ACTIVE_ARCH = YES;
				SDKROOT = iphoneos;
				SWIFT_OPTIMIZATION_LEVEL = "-Onone";
			};
			name = Debug;
		};
		6020113A1B7F313D003437D9 /* Release */ = {
			isa = XCBuildConfiguration;
			buildSettings = {
				ALWAYS_SEARCH_USER_PATHS = NO;
				CLANG_CXX_LANGUAGE_STANDARD = "gnu++0x";
				CLANG_CXX_LIBRARY = "libc++";
				CLANG_ENABLE_MODULES = YES;
				CLANG_ENABLE_OBJC_ARC = YES;
				CLANG_WARN_BOOL_CONVERSION = YES;
				CLANG_WARN_CONSTANT_CONVERSION = YES;
				CLANG_WARN_DIRECT_OBJC_ISA_USAGE = YES_ERROR;
				CLANG_WARN_EMPTY_BODY = YES;
				CLANG_WARN_ENUM_CONVERSION = YES;
				CLANG_WARN_INT_CONVERSION = YES;
				CLANG_WARN_OBJC_ROOT_CLASS = YES_ERROR;
				CLANG_WARN_UNREACHABLE_CODE = YES;
				CLANG_WARN__DUPLICATE_METHOD_MATCH = YES;
				"CODE_SIGN_IDENTITY[sdk=iphoneos*]" = "iPhone Developer";
				COPY_PHASE_STRIP = NO;
				DEBUG_INFORMATION_FORMAT = "dwarf-with-dsym";
				ENABLE_NS_ASSERTIONS = NO;
				ENABLE_STRICT_OBJC_MSGSEND = YES;
				GCC_C_LANGUAGE_STANDARD = gnu99;
				GCC_NO_COMMON_BLOCKS = YES;
				GCC_WARN_64_TO_32_BIT_CONVERSION = YES;
				GCC_WARN_ABOUT_RETURN_TYPE = YES_ERROR;
				GCC_WARN_UNDECLARED_SELECTOR = YES;
				GCC_WARN_UNINITIALIZED_AUTOS = YES_AGGRESSIVE;
				GCC_WARN_UNUSED_FUNCTION = YES;
				GCC_WARN_UNUSED_VARIABLE = YES;
				IPHONEOS_DEPLOYMENT_TARGET = 8.3;
				MTL_ENABLE_DEBUG_INFO = NO;
				SDKROOT = iphoneos;
				VALIDATE_PRODUCT = YES;
			};
			name = Release;
		};
		6020113C1B7F313D003437D9 /* Debug */ = {
			isa = XCBuildConfiguration;
			baseConfigurationReference = 68618EF55B72F7A2AA77DB04 /* Pods.debug.xcconfig */;
			buildSettings = {
				ASSETCATALOG_COMPILER_APPICON_NAME = AppIcon;
				INFOPLIST_FILE = CocoaPodTest/Info.plist;
				LD_RUNPATH_SEARCH_PATHS = "$(inherited) @executable_path/Frameworks";
				PRODUCT_NAME = "$(TARGET_NAME)";
			};
			name = Debug;
		};
		6020113D1B7F313D003437D9 /* Release */ = {
			isa = XCBuildConfiguration;
			baseConfigurationReference = 8A99086DEDF4F8C0F95AF694 /* Pods.release.xcconfig */;
			buildSettings = {
				ASSETCATALOG_COMPILER_APPICON_NAME = AppIcon;
				INFOPLIST_FILE = CocoaPodTest/Info.plist;
				LD_RUNPATH_SEARCH_PATHS = "$(inherited) @executable_path/Frameworks";
				PRODUCT_NAME = "$(TARGET_NAME)";
			};
			name = Release;
		};
		6020113F1B7F313D003437D9 /* Debug */ = {
			isa = XCBuildConfiguration;
			buildSettings = {
				BUNDLE_LOADER = "$(TEST_HOST)";
				FRAMEWORK_SEARCH_PATHS = (
					"$(SDKROOT)/Developer/Library/Frameworks",
					"$(inherited)",
				);
				GCC_PREPROCESSOR_DEFINITIONS = (
					"DEBUG=1",
					"$(inherited)",
				);
				INFOPLIST_FILE = CocoaPodTestTests/Info.plist;
				LD_RUNPATH_SEARCH_PATHS = "$(inherited) @executable_path/Frameworks @loader_path/Frameworks";
				PRODUCT_NAME = "$(TARGET_NAME)";
				TEST_HOST = "$(BUILT_PRODUCTS_DIR)/CocoaPodTest.app/CocoaPodTest";
			};
			name = Debug;
		};
		602011401B7F313D003437D9 /* Release */ = {
			isa = XCBuildConfiguration;
			buildSettings = {
				BUNDLE_LOADER = "$(TEST_HOST)";
				FRAMEWORK_SEARCH_PATHS = (
					"$(SDKROOT)/Developer/Library/Frameworks",
					"$(inherited)",
				);
				INFOPLIST_FILE = CocoaPodTestTests/Info.plist;
				LD_RUNPATH_SEARCH_PATHS = "$(inherited) @executable_path/Frameworks @loader_path/Frameworks";
				PRODUCT_NAME = "$(TARGET_NAME)";
				TEST_HOST = "$(BUILT_PRODUCTS_DIR)/CocoaPodTest.app/CocoaPodTest";
			};
			name = Release;
		};
/* End XCBuildConfiguration section */

/* Begin XCConfigurationList section */
		602011171B7F313D003437D9 /* Build configuration list for PBXProject "CocoaPodTest" */ = {
			isa = XCConfigurationList;
			buildConfigurations = (
				602011391B7F313D003437D9 /* Debug */,
				6020113A1B7F313D003437D9 /* Release */,
			);
			defaultConfigurationIsVisible = 0;
			defaultConfigurationName = Release;
		};
		6020113B1B7F313D003437D9 /* Build configuration list for PBXNativeTarget "CocoaPodTest" */ = {
			isa = XCConfigurationList;
			buildConfigurations = (
				6020113C1B7F313D003437D9 /* Debug */,
				6020113D1B7F313D003437D9 /* Release */,
			);
			defaultConfigurationIsVisible = 0;
			defaultConfigurationName = Release;
		};
		6020113E1B7F313D003437D9 /* Build configuration list for PBXNativeTarget "CocoaPodTestTests" */ = {
			isa = XCConfigurationList;
			buildConfigurations = (
				6020113F1B7F313D003437D9 /* Debug */,
				602011401B7F313D003437D9 /* Release */,
			);
			defaultConfigurationIsVisible = 0;
			defaultConfigurationName = Release;
		};
/* End XCConfigurationList section */
	};
	rootObject = 602011141B7F313D003437D9 /* Project object */;
}
